// !$*UTF8*$!
{
	archiveVersion = 1;
	classes = {
	};
	objectVersion = 50;
	objects = {

/* Begin PBXBuildFile section */
		964D6B51242421C900504E42 /* AppDelegate.swift in Sources */ = {isa = PBXBuildFile; fileRef = 964D6B50242421C900504E42 /* AppDelegate.swift */; };
		964D6B53242421C900504E42 /* SceneDelegate.swift in Sources */ = {isa = PBXBuildFile; fileRef = 964D6B52242421C900504E42 /* SceneDelegate.swift */; };
		964D6B58242421C900504E42 /* Main.storyboard in Resources */ = {isa = PBXBuildFile; fileRef = 964D6B56242421C900504E42 /* Main.storyboard */; };
		964D6B5A242421D100504E42 /* Assets.xcassets in Resources */ = {isa = PBXBuildFile; fileRef = 964D6B59242421D100504E42 /* Assets.xcassets */; };
		964D6B5D242421D100504E42 /* LaunchScreen.storyboard in Resources */ = {isa = PBXBuildFile; fileRef = 964D6B5B242421D100504E42 /* LaunchScreen.storyboard */; };
		964DB5F3245B76FF00F0DFD9 /* DetailsPostViewController.swift in Sources */ = {isa = PBXBuildFile; fileRef = 964DB5F2245B76FF00F0DFD9 /* DetailsPostViewController.swift */; };
		96655AD1245B1C5A007D2BDF /* SplashScreenView.swift in Sources */ = {isa = PBXBuildFile; fileRef = 96655AD0245B1C59007D2BDF /* SplashScreenView.swift */; };
		96655AD3245B23E8007D2BDF /* splashscreen_img.gif in Resources */ = {isa = PBXBuildFile; fileRef = 96655AD2245B23E7007D2BDF /* splashscreen_img.gif */; };
		96655AD5245B2595007D2BDF /* Swift+Gif.swift in Sources */ = {isa = PBXBuildFile; fileRef = 96655AD4245B2594007D2BDF /* Swift+Gif.swift */; };
		96A715FE2436AE9D00D579A5 /* HomeViewController.swift in Sources */ = {isa = PBXBuildFile; fileRef = 96A715FD2436AE9D00D579A5 /* HomeViewController.swift */; };
		96A716022436BCFC00D579A5 /* HomeTableViewCell.swift in Sources */ = {isa = PBXBuildFile; fileRef = 96A716012436BCFC00D579A5 /* HomeTableViewCell.swift */; };
		96F23F51243F7CF600CD634C /* TedActuAPIManager.swift in Sources */ = {isa = PBXBuildFile; fileRef = 96F23F50243F7CF600CD634C /* TedActuAPIManager.swift */; };
		96F23F53243F7D7D00CD634C /* HTTPHandler.swift in Sources */ = {isa = PBXBuildFile; fileRef = 96F23F52243F7D7D00CD634C /* HTTPHandler.swift */; };
		96F23F56243F7F6400CD634C /* Post.swift in Sources */ = {isa = PBXBuildFile; fileRef = 96F23F55243F7F6400CD634C /* Post.swift */; };
		96F23F59243F874700CD634C /* Extensions.swift in Sources */ = {isa = PBXBuildFile; fileRef = 96F23F58243F874700CD634C /* Extensions.swift */; };
		96F23F5B243FED3A00CD634C /* Reachability.swift in Sources */ = {isa = PBXBuildFile; fileRef = 96F23F5A243FED3800CD634C /* Reachability.swift */; };
		96F80B3724308C7200E119B8 /* PlaylistViewController.swift in Sources */ = {isa = PBXBuildFile; fileRef = 96F80B3624308C7200E119B8 /* PlaylistViewController.swift */; };
		96F80B3A2430953D00E119B8 /* Video.swift in Sources */ = {isa = PBXBuildFile; fileRef = 96F80B392430953D00E119B8 /* Video.swift */; };
		96F80B3E2430979F00E119B8 /* VideoDetailViewController.swift in Sources */ = {isa = PBXBuildFile; fileRef = 96F80B3D2430979F00E119B8 /* VideoDetailViewController.swift */; };
		C331C87238DE20B23F87A06E /* Pods_TedActu.framework in Frameworks */ = {isa = PBXBuildFile; fileRef = 155BBD647236A3BA0E6FF74F /* Pods_TedActu.framework */; };
/* End PBXBuildFile section */

/* Begin PBXFileReference section */
		155BBD647236A3BA0E6FF74F /* Pods_TedActu.framework */ = {isa = PBXFileReference; explicitFileType = wrapper.framework; includeInIndex = 0; path = Pods_TedActu.framework; sourceTree = BUILT_PRODUCTS_DIR; };
		49E247230B81F473FABA795D /* Pods-TedActu.debug.xcconfig */ = {isa = PBXFileReference; includeInIndex = 1; lastKnownFileType = text.xcconfig; name = "Pods-TedActu.debug.xcconfig"; path = "Pods/Target Support Files/Pods-TedActu/Pods-TedActu.debug.xcconfig"; sourceTree = "<group>"; };
		964D6B4D242421C900504E42 /* TedActu.app */ = {isa = PBXFileReference; explicitFileType = wrapper.application; includeInIndex = 0; path = TedActu.app; sourceTree = BUILT_PRODUCTS_DIR; };
		964D6B50242421C900504E42 /* AppDelegate.swift */ = {isa = PBXFileReference; lastKnownFileType = sourcecode.swift; path = AppDelegate.swift; sourceTree = "<group>"; };
		964D6B52242421C900504E42 /* SceneDelegate.swift */ = {isa = PBXFileReference; lastKnownFileType = sourcecode.swift; path = SceneDelegate.swift; sourceTree = "<group>"; };
		964D6B57242421C900504E42 /* Base */ = {isa = PBXFileReference; lastKnownFileType = file.storyboard; name = Base; path = Base.lproj/Main.storyboard; sourceTree = "<group>"; };
		964D6B59242421D100504E42 /* Assets.xcassets */ = {isa = PBXFileReference; lastKnownFileType = folder.assetcatalog; path = Assets.xcassets; sourceTree = "<group>"; };
		964D6B5C242421D100504E42 /* Base */ = {isa = PBXFileReference; lastKnownFileType = file.storyboard; name = Base; path = Base.lproj/LaunchScreen.storyboard; sourceTree = "<group>"; };
		964D6B5E242421D100504E42 /* Info.plist */ = {isa = PBXFileReference; lastKnownFileType = text.plist.xml; path = Info.plist; sourceTree = "<group>"; };
		964DB5F2245B76FF00F0DFD9 /* DetailsPostViewController.swift */ = {isa = PBXFileReference; lastKnownFileType = sourcecode.swift; path = DetailsPostViewController.swift; sourceTree = "<group>"; };
		96655AD0245B1C59007D2BDF /* SplashScreenView.swift */ = {isa = PBXFileReference; lastKnownFileType = sourcecode.swift; path = SplashScreenView.swift; sourceTree = "<group>"; };
		96655AD2245B23E7007D2BDF /* splashscreen_img.gif */ = {isa = PBXFileReference; lastKnownFileType = image.gif; path = splashscreen_img.gif; sourceTree = "<group>"; };
		96655AD4245B2594007D2BDF /* Swift+Gif.swift */ = {isa = PBXFileReference; lastKnownFileType = sourcecode.swift; path = "Swift+Gif.swift"; sourceTree = "<group>"; };
		96A715FD2436AE9D00D579A5 /* HomeViewController.swift */ = {isa = PBXFileReference; lastKnownFileType = sourcecode.swift; path = HomeViewController.swift; sourceTree = "<group>"; };
		96A716012436BCFC00D579A5 /* HomeTableViewCell.swift */ = {isa = PBXFileReference; lastKnownFileType = sourcecode.swift; path = HomeTableViewCell.swift; sourceTree = "<group>"; };
		96F23F50243F7CF600CD634C /* TedActuAPIManager.swift */ = {isa = PBXFileReference; lastKnownFileType = sourcecode.swift; path = TedActuAPIManager.swift; sourceTree = "<group>"; };
		96F23F52243F7D7D00CD634C /* HTTPHandler.swift */ = {isa = PBXFileReference; lastKnownFileType = sourcecode.swift; path = HTTPHandler.swift; sourceTree = "<group>"; };
		96F23F55243F7F6400CD634C /* Post.swift */ = {isa = PBXFileReference; lastKnownFileType = sourcecode.swift; path = Post.swift; sourceTree = "<group>"; };
		96F23F58243F874700CD634C /* Extensions.swift */ = {isa = PBXFileReference; lastKnownFileType = sourcecode.swift; path = Extensions.swift; sourceTree = "<group>"; };
		96F23F5A243FED3800CD634C /* Reachability.swift */ = {isa = PBXFileReference; lastKnownFileType = sourcecode.swift; path = Reachability.swift; sourceTree = "<group>"; };
		96F80B3624308C7200E119B8 /* PlaylistViewController.swift */ = {isa = PBXFileReference; lastKnownFileType = sourcecode.swift; name = PlaylistViewController.swift; path = ../PlaylistViewController.swift; sourceTree = "<group>"; };
		96F80B392430953D00E119B8 /* Video.swift */ = {isa = PBXFileReference; lastKnownFileType = sourcecode.swift; path = Video.swift; sourceTree = "<group>"; };
		96F80B3D2430979F00E119B8 /* VideoDetailViewController.swift */ = {isa = PBXFileReference; lastKnownFileType = sourcecode.swift; name = VideoDetailViewController.swift; path = ../VideoDetailViewController.swift; sourceTree = "<group>"; };
		AA65728135CCE2F3185BD2E6 /* Pods-TedActu.release.xcconfig */ = {isa = PBXFileReference; includeInIndex = 1; lastKnownFileType = text.xcconfig; name = "Pods-TedActu.release.xcconfig"; path = "Pods/Target Support Files/Pods-TedActu/Pods-TedActu.release.xcconfig"; sourceTree = "<group>"; };
/* End PBXFileReference section */

/* Begin PBXFrameworksBuildPhase section */
		964D6B4A242421C900504E42 /* Frameworks */ = {
			isa = PBXFrameworksBuildPhase;
			buildActionMask = 2147483647;
			files = (
				C331C87238DE20B23F87A06E /* Pods_TedActu.framework in Frameworks */,
			);
			runOnlyForDeploymentPostprocessing = 0;
		};
/* End PBXFrameworksBuildPhase section */

/* Begin PBXGroup section */
		964D6B44242421C800504E42 = {
			isa = PBXGroup;
			children = (
				964D6B4F242421C900504E42 /* TedActu */,
				964D6B4E242421C900504E42 /* Products */,
				F7432EAB8E9559EBCE4EEE89 /* Pods */,
				A7B86229764BDC57246DF544 /* Frameworks */,
			);
			sourceTree = "<group>";
		};
		964D6B4E242421C900504E42 /* Products */ = {
			isa = PBXGroup;
			children = (
				964D6B4D242421C900504E42 /* TedActu.app */,
			);
			name = Products;
			sourceTree = "<group>";
		};
		964D6B4F242421C900504E42 /* TedActu */ = {
			isa = PBXGroup;
			children = (
				96655ACF245B1C02007D2BDF /* Views */,
				96F23F57243F873300CD634C /* Extensions */,
				96F23F54243F7F5700CD634C /* Model */,
				96F23F4F243F7CCC00CD634C /* ManagerAPI */,
				96A716002436BCB800D579A5 /* CellView */,
				96A715FC2436AE8000D579A5 /* Controllers */,
				96F80B382430950100E119B8 /* classes */,
				964D6B50242421C900504E42 /* AppDelegate.swift */,
				96655AD2245B23E7007D2BDF /* splashscreen_img.gif */,
				964D6B52242421C900504E42 /* SceneDelegate.swift */,
				964D6B56242421C900504E42 /* Main.storyboard */,
				964D6B59242421D100504E42 /* Assets.xcassets */,
				964D6B5B242421D100504E42 /* LaunchScreen.storyboard */,
				964D6B5E242421D100504E42 /* Info.plist */,
			);
			path = TedActu;
			sourceTree = "<group>";
		};
		96655ACF245B1C02007D2BDF /* Views */ = {
			isa = PBXGroup;
			children = (
				96655AD0245B1C59007D2BDF /* SplashScreenView.swift */,
			);
			path = Views;
			sourceTree = "<group>";
		};
		96A715FC2436AE8000D579A5 /* Controllers */ = {
			isa = PBXGroup;
			children = (
				96A715FD2436AE9D00D579A5 /* HomeViewController.swift */,
				96F80B3624308C7200E119B8 /* PlaylistViewController.swift */,
				96F80B3D2430979F00E119B8 /* VideoDetailViewController.swift */,
				964DB5F2245B76FF00F0DFD9 /* DetailsPostViewController.swift */,
			);
			path = Controllers;
			sourceTree = "<group>";
		};
		96A716002436BCB800D579A5 /* CellView */ = {
			isa = PBXGroup;
			children = (
				96A716012436BCFC00D579A5 /* HomeTableViewCell.swift */,
			);
			path = CellView;
			sourceTree = "<group>";
		};
		96F23F4F243F7CCC00CD634C /* ManagerAPI */ = {
			isa = PBXGroup;
			children = (
				96F23F50243F7CF600CD634C /* TedActuAPIManager.swift */,
				96F23F52243F7D7D00CD634C /* HTTPHandler.swift */,
				96655AD4245B2594007D2BDF /* Swift+Gif.swift */,
			);
			path = ManagerAPI;
			sourceTree = "<group>";
		};
		96F23F54243F7F5700CD634C /* Model */ = {
			isa = PBXGroup;
			children = (
				96F23F55243F7F6400CD634C /* Post.swift */,
			);
			path = Model;
			sourceTree = "<group>";
		};
		96F23F57243F873300CD634C /* Extensions */ = {
			isa = PBXGroup;
			children = (
				96F23F58243F874700CD634C /* Extensions.swift */,
			);
			path = Extensions;
			sourceTree = "<group>";
		};
		96F80B382430950100E119B8 /* classes */ = {
			isa = PBXGroup;
			children = (
				96F80B392430953D00E119B8 /* Video.swift */,
				96F23F5A243FED3800CD634C /* Reachability.swift */,
			);
			path = classes;
			sourceTree = "<group>";
		};
		A7B86229764BDC57246DF544 /* Frameworks */ = {
			isa = PBXGroup;
			children = (
				155BBD647236A3BA0E6FF74F /* Pods_TedActu.framework */,
			);
			name = Frameworks;
			sourceTree = "<group>";
		};
		F7432EAB8E9559EBCE4EEE89 /* Pods */ = {
			isa = PBXGroup;
			children = (
				49E247230B81F473FABA795D /* Pods-TedActu.debug.xcconfig */,
				AA65728135CCE2F3185BD2E6 /* Pods-TedActu.release.xcconfig */,
			);
			name = Pods;
			sourceTree = "<group>";
		};
/* End PBXGroup section */

/* Begin PBXNativeTarget section */
		964D6B4C242421C900504E42 /* TedActu */ = {
			isa = PBXNativeTarget;
			buildConfigurationList = 964D6B61242421D100504E42 /* Build configuration list for PBXNativeTarget "TedActu" */;
			buildPhases = (
				0300604E50E62C99595D8238 /* [CP] Check Pods Manifest.lock */,
				964D6B49242421C900504E42 /* Sources */,
				964D6B4A242421C900504E42 /* Frameworks */,
				964D6B4B242421C900504E42 /* Resources */,
				EDA59C9784E97858102B2298 /* [CP] Embed Pods Frameworks */,
			);
			buildRules = (
			);
			dependencies = (
			);
			name = TedActu;
			productName = TedActu;
			productReference = 964D6B4D242421C900504E42 /* TedActu.app */;
			productType = "com.apple.product-type.application";
		};
/* End PBXNativeTarget section */

/* Begin PBXProject section */
		964D6B45242421C800504E42 /* Project object */ = {
			isa = PBXProject;
			attributes = {
				LastSwiftUpdateCheck = 1130;
				LastUpgradeCheck = 1130;
				ORGANIZATIONNAME = "Isaac Samuel";
				TargetAttributes = {
					964D6B4C242421C900504E42 = {
						CreatedOnToolsVersion = 11.3.1;
					};
				};
			};
			buildConfigurationList = 964D6B48242421C800504E42 /* Build configuration list for PBXProject "TedActu" */;
			compatibilityVersion = "Xcode 9.3";
			developmentRegion = en;
			hasScannedForEncodings = 0;
			knownRegions = (
				en,
				Base,
			);
			mainGroup = 964D6B44242421C800504E42;
			productRefGroup = 964D6B4E242421C900504E42 /* Products */;
			projectDirPath = "";
			projectRoot = "";
			targets = (
				964D6B4C242421C900504E42 /* TedActu */,
			);
		};
/* End PBXProject section */

/* Begin PBXResourcesBuildPhase section */
		964D6B4B242421C900504E42 /* Resources */ = {
			isa = PBXResourcesBuildPhase;
			buildActionMask = 2147483647;
			files = (
				964D6B5D242421D100504E42 /* LaunchScreen.storyboard in Resources */,
				964D6B5A242421D100504E42 /* Assets.xcassets in Resources */,
				964D6B58242421C900504E42 /* Main.storyboard in Resources */,
				96655AD3245B23E8007D2BDF /* splashscreen_img.gif in Resources */,
			);
			runOnlyForDeploymentPostprocessing = 0;
		};
/* End PBXResourcesBuildPhase section */

/* Begin PBXShellScriptBuildPhase section */
		0300604E50E62C99595D8238 /* [CP] Check Pods Manifest.lock */ = {
			isa = PBXShellScriptBuildPhase;
			buildActionMask = 2147483647;
			files = (
			);
			inputFileListPaths = (
			);
			inputPaths = (
				"${PODS_PODFILE_DIR_PATH}/Podfile.lock",
				"${PODS_ROOT}/Manifest.lock",
			);
			name = "[CP] Check Pods Manifest.lock";
			outputFileListPaths = (
			);
			outputPaths = (
				"$(DERIVED_FILE_DIR)/Pods-TedActu-checkManifestLockResult.txt",
			);
			runOnlyForDeploymentPostprocessing = 0;
			shellPath = /bin/sh;
			shellScript = "diff \"${PODS_PODFILE_DIR_PATH}/Podfile.lock\" \"${PODS_ROOT}/Manifest.lock\" > /dev/null\nif [ $? != 0 ] ; then\n    # print error to STDERR\n    echo \"error: The sandbox is not in sync with the Podfile.lock. Run 'pod install' or update your CocoaPods installation.\" >&2\n    exit 1\nfi\n# This output is used by Xcode 'outputs' to avoid re-running this script phase.\necho \"SUCCESS\" > \"${SCRIPT_OUTPUT_FILE_0}\"\n";
			showEnvVarsInLog = 0;
		};
		EDA59C9784E97858102B2298 /* [CP] Embed Pods Frameworks */ = {
			isa = PBXShellScriptBuildPhase;
			buildActionMask = 2147483647;
			files = (
			);
			inputFileListPaths = (
			);
			inputPaths = (
				"${SRCROOT}/Pods/Target Support Files/Pods-TedActu/Pods-TedActu-frameworks.sh",
				"${BUILT_PRODUCTS_DIR}/Alamofire/Alamofire.framework",
				"${BUILT_PRODUCTS_DIR}/AlamofireImage/AlamofireImage.framework",
				"${BUILT_PRODUCTS_DIR}/BATabBarController/BATabBarController.framework",
				"${BUILT_PRODUCTS_DIR}/SDWebImage/SDWebImage.framework",
				"${BUILT_PRODUCTS_DIR}/SnapKit/SnapKit.framework",
				"${BUILT_PRODUCTS_DIR}/SwiftyJSON/SwiftyJSON.framework",
				"${BUILT_PRODUCTS_DIR}/YYHRequest/YYHRequest.framework",
			);
			name = "[CP] Embed Pods Frameworks";
			outputFileListPaths = (
			);
			outputPaths = (
				"${TARGET_BUILD_DIR}/${FRAMEWORKS_FOLDER_PATH}/Alamofire.framework",
				"${TARGET_BUILD_DIR}/${FRAMEWORKS_FOLDER_PATH}/AlamofireImage.framework",
				"${TARGET_BUILD_DIR}/${FRAMEWORKS_FOLDER_PATH}/BATabBarController.framework",
				"${TARGET_BUILD_DIR}/${FRAMEWORKS_FOLDER_PATH}/SDWebImage.framework",
				"${TARGET_BUILD_DIR}/${FRAMEWORKS_FOLDER_PATH}/SnapKit.framework",
				"${TARGET_BUILD_DIR}/${FRAMEWORKS_FOLDER_PATH}/SwiftyJSON.framework",
				"${TARGET_BUILD_DIR}/${FRAMEWORKS_FOLDER_PATH}/YYHRequest.framework",
			);
			runOnlyForDeploymentPostprocessing = 0;
			shellPath = /bin/sh;
			shellScript = "\"${SRCROOT}/Pods/Target Support Files/Pods-TedActu/Pods-TedActu-frameworks.sh\"\n";
			showEnvVarsInLog = 0;
		};
/* End PBXShellScriptBuildPhase section */

/* Begin PBXSourcesBuildPhase section */
		964D6B49242421C900504E42 /* Sources */ = {
			isa = PBXSourcesBuildPhase;
			buildActionMask = 2147483647;
			files = (
				96F80B3724308C7200E119B8 /* PlaylistViewController.swift in Sources */,
				96F80B3E2430979F00E119B8 /* VideoDetailViewController.swift in Sources */,
				96655AD5245B2595007D2BDF /* Swift+Gif.swift in Sources */,
				96F23F56243F7F6400CD634C /* Post.swift in Sources */,
				964D6B51242421C900504E42 /* AppDelegate.swift in Sources */,
				964D6B53242421C900504E42 /* SceneDelegate.swift in Sources */,
				96F23F5B243FED3A00CD634C /* Reachability.swift in Sources */,
				96A715FE2436AE9D00D579A5 /* HomeViewController.swift in Sources */,
				96655AD1245B1C5A007D2BDF /* SplashScreenView.swift in Sources */,
				96A716022436BCFC00D579A5 /* HomeTableViewCell.swift in Sources */,
				96F23F51243F7CF600CD634C /* TedActuAPIManager.swift in Sources */,
				96F23F53243F7D7D00CD634C /* HTTPHandler.swift in Sources */,
				96F80B3A2430953D00E119B8 /* Video.swift in Sources */,
				96F23F59243F874700CD634C /* Extensions.swift in Sources */,
				964DB5F3245B76FF00F0DFD9 /* DetailsPostViewController.swift in Sources */,
			);
			runOnlyForDeploymentPostprocessing = 0;
		};
/* End PBXSourcesBuildPhase section */

/* Begin PBXVariantGroup section */
		964D6B56242421C900504E42 /* Main.storyboard */ = {
			isa = PBXVariantGroup;
			children = (
				964D6B57242421C900504E42 /* Base */,
			);
			name = Main.storyboard;
			sourceTree = "<group>";
		};
		964D6B5B242421D100504E42 /* LaunchScreen.storyboard */ = {
			isa = PBXVariantGroup;
			children = (
				964D6B5C242421D100504E42 /* Base */,
			);
			name = LaunchScreen.storyboard;
			sourceTree = "<group>";
		};
/* End PBXVariantGroup section */

/* Begin XCBuildConfiguration section */
		964D6B5F242421D100504E42 /* Debug */ = {
			isa = XCBuildConfiguration;
			buildSettings = {
				ALWAYS_SEARCH_USER_PATHS = NO;
				CLANG_ANALYZER_NONNULL = YES;
				CLANG_ANALYZER_NUMBER_OBJECT_CONVERSION = YES_AGGRESSIVE;
				CLANG_CXX_LANGUAGE_STANDARD = "gnu++14";
				CLANG_CXX_LIBRARY = "libc++";
				CLANG_ENABLE_MODULES = YES;
				CLANG_ENABLE_OBJC_ARC = YES;
				CLANG_ENABLE_OBJC_WEAK = YES;
				CLANG_WARN_BLOCK_CAPTURE_AUTORELEASING = YES;
				CLANG_WARN_BOOL_CONVERSION = YES;
				CLANG_WARN_COMMA = YES;
				CLANG_WARN_CONSTANT_CONVERSION = YES;
				CLANG_WARN_DEPRECATED_OBJC_IMPLEMENTATIONS = YES;
				CLANG_WARN_DIRECT_OBJC_ISA_USAGE = YES_ERROR;
				CLANG_WARN_DOCUMENTATION_COMMENTS = YES;
				CLANG_WARN_EMPTY_BODY = YES;
				CLANG_WARN_ENUM_CONVERSION = YES;
				CLANG_WARN_INFINITE_RECURSION = YES;
				CLANG_WARN_INT_CONVERSION = YES;
				CLANG_WARN_NON_LITERAL_NULL_CONVERSION = YES;
				CLANG_WARN_OBJC_IMPLICIT_RETAIN_SELF = YES;
				CLANG_WARN_OBJC_LITERAL_CONVERSION = YES;
				CLANG_WARN_OBJC_ROOT_CLASS = YES_ERROR;
				CLANG_WARN_RANGE_LOOP_ANALYSIS = YES;
				CLANG_WARN_STRICT_PROTOTYPES = YES;
				CLANG_WARN_SUSPICIOUS_MOVE = YES;
				CLANG_WARN_UNGUARDED_AVAILABILITY = YES_AGGRESSIVE;
				CLANG_WARN_UNREACHABLE_CODE = YES;
				CLANG_WARN__DUPLICATE_METHOD_MATCH = YES;
				COPY_PHASE_STRIP = NO;
				DEBUG_INFORMATION_FORMAT = dwarf;
				ENABLE_STRICT_OBJC_MSGSEND = YES;
				ENABLE_TESTABILITY = YES;
				GCC_C_LANGUAGE_STANDARD = gnu11;
				GCC_DYNAMIC_NO_PIC = NO;
				GCC_NO_COMMON_BLOCKS = YES;
				GCC_OPTIMIZATION_LEVEL = 0;
				GCC_PREPROCESSOR_DEFINITIONS = (
					"DEBUG=1",
					"$(inherited)",
				);
				GCC_WARN_64_TO_32_BIT_CONVERSION = YES;
				GCC_WARN_ABOUT_RETURN_TYPE = YES_ERROR;
				GCC_WARN_UNDECLARED_SELECTOR = YES;
				GCC_WARN_UNINITIALIZED_AUTOS = YES_AGGRESSIVE;
				GCC_WARN_UNUSED_FUNCTION = YES;
				GCC_WARN_UNUSED_VARIABLE = YES;
				IPHONEOS_DEPLOYMENT_TARGET = 13.2;
				MTL_ENABLE_DEBUG_INFO = INCLUDE_SOURCE;
				MTL_FAST_MATH = YES;
				ONLY_ACTIVE_ARCH = YES;
				SDKROOT = iphoneos;
				SWIFT_ACTIVE_COMPILATION_CONDITIONS = DEBUG;
				SWIFT_OPTIMIZATION_LEVEL = "-Onone";
			};
			name = Debug;
		};
		964D6B60242421D100504E42 /* Release */ = {
			isa = XCBuildConfiguration;
			buildSettings = {
				ALWAYS_SEARCH_USER_PATHS = NO;
				CLANG_ANALYZER_NONNULL = YES;
				CLANG_ANALYZER_NUMBER_OBJECT_CONVERSION = YES_AGGRESSIVE;
				CLANG_CXX_LANGUAGE_STANDARD = "gnu++14";
				CLANG_CXX_LIBRARY = "libc++";
				CLANG_ENABLE_MODULES = YES;
				CLANG_ENABLE_OBJC_ARC = YES;
				CLANG_ENABLE_OBJC_WEAK = YES;
				CLANG_WARN_BLOCK_CAPTURE_AUTORELEASING = YES;
				CLANG_WARN_BOOL_CONVERSION = YES;
				CLANG_WARN_COMMA = YES;
				CLANG_WARN_CONSTANT_CONVERSION = YES;
				CLANG_WARN_DEPRECATED_OBJC_IMPLEMENTATIONS = YES;
				CLANG_WARN_DIRECT_OBJC_ISA_USAGE = YES_ERROR;
				CLANG_WARN_DOCUMENTATION_COMMENTS = YES;
				CLANG_WARN_EMPTY_BODY = YES;
				CLANG_WARN_ENUM_CONVERSION = YES;
				CLANG_WARN_INFINITE_RECURSION = YES;
				CLANG_WARN_INT_CONVERSION = YES;
				CLANG_WARN_NON_LITERAL_NULL_CONVERSION = YES;
				CLANG_WARN_OBJC_IMPLICIT_RETAIN_SELF = YES;
				CLANG_WARN_OBJC_LITERAL_CONVERSION = YES;
				CLANG_WARN_OBJC_ROOT_CLASS = YES_ERROR;
				CLANG_WARN_RANGE_LOOP_ANALYSIS = YES;
				CLANG_WARN_STRICT_PROTOTYPES = YES;
				CLANG_WARN_SUSPICIOUS_MOVE = YES;
				CLANG_WARN_UNGUARDED_AVAILABILITY = YES_AGGRESSIVE;
				CLANG_WARN_UNREACHABLE_CODE = YES;
				CLANG_WARN__DUPLICATE_METHOD_MATCH = YES;
				COPY_PHASE_STRIP = NO;
				DEBUG_INFORMATION_FORMAT = "dwarf-with-dsym";
				ENABLE_NS_ASSERTIONS = NO;
				ENABLE_STRICT_OBJC_MSGSEND = YES;
				GCC_C_LANGUAGE_STANDARD = gnu11;
				GCC_NO_COMMON_BLOCKS = YES;
				GCC_WARN_64_TO_32_BIT_CONVERSION = YES;
				GCC_WARN_ABOUT_RETURN_TYPE = YES_ERROR;
				GCC_WARN_UNDECLARED_SELECTOR = YES;
				GCC_WARN_UNINITIALIZED_AUTOS = YES_AGGRESSIVE;
				GCC_WARN_UNUSED_FUNCTION = YES;
				GCC_WARN_UNUSED_VARIABLE = YES;
				IPHONEOS_DEPLOYMENT_TARGET = 13.2;
				MTL_ENABLE_DEBUG_INFO = NO;
				MTL_FAST_MATH = YES;
				SDKROOT = iphoneos;
				SWIFT_COMPILATION_MODE = wholemodule;
				SWIFT_OPTIMIZATION_LEVEL = "-O";
				VALIDATE_PRODUCT = YES;
			};
			name = Release;
		};
		964D6B62242421D100504E42 /* Debug */ = {
			isa = XCBuildConfiguration;
			baseConfigurationReference = 49E247230B81F473FABA795D /* Pods-TedActu.debug.xcconfig */;
			buildSettings = {
				ASSETCATALOG_COMPILER_APPICON_NAME = AppIcon;
				CODE_SIGN_STYLE = Automatic;
				DEVELOPMENT_TEAM = QWGP46S9YN;
				INFOPLIST_FILE = TedActu/Info.plist;
				IPHONEOS_DEPLOYMENT_TARGET = 11.0;
				LD_RUNPATH_SEARCH_PATHS = (
					"$(inherited)",
					"@executable_path/Frameworks",
				);
				PRODUCT_BUNDLE_IDENTIFIER = com.isasam.TedActu;
				PRODUCT_NAME = "$(TARGET_NAME)";
				SWIFT_VERSION = 5.0;
				TARGETED_DEVICE_FAMILY = "1,2";
			};
			name = Debug;
		};
		964D6B63242421D100504E42 /* Release */ = {
			isa = XCBuildConfiguration;
			baseConfigurationReference = AA65728135CCE2F3185BD2E6 /* Pods-TedActu.release.xcconfig */;
			buildSettings = {
				ASSETCATALOG_COMPILER_APPICON_NAME = AppIcon;
				CODE_SIGN_STYLE = Automatic;
				DEVELOPMENT_TEAM = QWGP46S9YN;
				INFOPLIST_FILE = TedActu/Info.plist;
				IPHONEOS_DEPLOYMENT_TARGET = 11.0;
				LD_RUNPATH_SEARCH_PATHS = (
					"$(inherited)",
					"@executable_path/Frameworks",
				);
				PRODUCT_BUNDLE_IDENTIFIER = com.isasam.TedActu;
				PRODUCT_NAME = "$(TARGET_NAME)";
				SWIFT_VERSION = 5.0;
				TARGETED_DEVICE_FAMILY = "1,2";
			};
			name = Release;
		};
/* End XCBuildConfiguration section */

/* Begin XCConfigurationList section */
		964D6B48242421C800504E42 /* Build configuration list for PBXProject "TedActu" */ = {
			isa = XCConfigurationList;
			buildConfigurations = (
				964D6B5F242421D100504E42 /* Debug */,
				964D6B60242421D100504E42 /* Release */,
			);
			defaultConfigurationIsVisible = 0;
			defaultConfigurationName = Release;
		};
		964D6B61242421D100504E42 /* Build configuration list for PBXNativeTarget "TedActu" */ = {
			isa = XCConfigurationList;
			buildConfigurations = (
				964D6B62242421D100504E42 /* Debug */,
				964D6B63242421D100504E42 /* Release */,
			);
			defaultConfigurationIsVisible = 0;
			defaultConfigurationName = Release;
		};
/* End XCConfigurationList section */
	};
	rootObject = 964D6B45242421C800504E42 /* Project object */;
}
